// !$*UTF8*$!
{
	archiveVersion = 1;
	classes = {
	};
	objectVersion = 50;
	objects = {

/* Begin PBXBuildFile section */
		5950CC3324DFFE42003AA422 /* LaunchScreenViewController.swift in Sources */ = {isa = PBXBuildFile; fileRef = 5950CC3224DFFE42003AA422 /* LaunchScreenViewController.swift */; };
		5950CC3524DFFEBF003AA422 /* GreatVibes-Regular.otf in Resources */ = {isa = PBXBuildFile; fileRef = 5950CC3424DFFEBF003AA422 /* GreatVibes-Regular.otf */; };
		597B90F924C5F19200CDDF0B /* AppDelegate.swift in Sources */ = {isa = PBXBuildFile; fileRef = 597B90F824C5F19200CDDF0B /* AppDelegate.swift */; };
		597B90FB24C5F19200CDDF0B /* SceneDelegate.swift in Sources */ = {isa = PBXBuildFile; fileRef = 597B90FA24C5F19200CDDF0B /* SceneDelegate.swift */; };
		597B90FD24C5F19200CDDF0B /* ViewController.swift in Sources */ = {isa = PBXBuildFile; fileRef = 597B90FC24C5F19200CDDF0B /* ViewController.swift */; };
		597B910024C5F19200CDDF0B /* Main.storyboard in Resources */ = {isa = PBXBuildFile; fileRef = 597B90FE24C5F19200CDDF0B /* Main.storyboard */; };
		597B910224C5F19700CDDF0B /* Assets.xcassets in Resources */ = {isa = PBXBuildFile; fileRef = 597B910124C5F19700CDDF0B /* Assets.xcassets */; };
		597B910524C5F19700CDDF0B /* LaunchScreen.storyboard in Resources */ = {isa = PBXBuildFile; fileRef = 597B910324C5F19700CDDF0B /* LaunchScreen.storyboard */; };
		597B910D24C5F1E700CDDF0B /* SettingsViewController.swift in Sources */ = {isa = PBXBuildFile; fileRef = 597B910C24C5F1E700CDDF0B /* SettingsViewController.swift */; };
		597B910F24C5F20B00CDDF0B /* GameViewController.swift in Sources */ = {isa = PBXBuildFile; fileRef = 597B910E24C5F20B00CDDF0B /* GameViewController.swift */; };
		597B913324C645ED00CDDF0B /* ScoresViewController.swift in Sources */ = {isa = PBXBuildFile; fileRef = 597B913224C645ED00CDDF0B /* ScoresViewController.swift */; };
		5988D01C253FA77200758446 /* Settings.swift in Sources */ = {isa = PBXBuildFile; fileRef = 5988D01B253FA77200758446 /* Settings.swift */; };
		59EB6FE324D62A220034B463 /* Images.swift in Sources */ = {isa = PBXBuildFile; fileRef = 59EB6FE224D62A220034B463 /* Images.swift */; };
/* End PBXBuildFile section */

/* Begin PBXFileReference section */
		5950CC3224DFFE42003AA422 /* LaunchScreenViewController.swift */ = {isa = PBXFileReference; lastKnownFileType = sourcecode.swift; path = LaunchScreenViewController.swift; sourceTree = "<group>"; };
		5950CC3424DFFEBF003AA422 /* GreatVibes-Regular.otf */ = {isa = PBXFileReference; lastKnownFileType = file; path = "GreatVibes-Regular.otf"; sourceTree = "<group>"; };
		597B90F524C5F19200CDDF0B /* RaceGame.app */ = {isa = PBXFileReference; explicitFileType = wrapper.application; includeInIndex = 0; path = RaceGame.app; sourceTree = BUILT_PRODUCTS_DIR; };
		597B90F824C5F19200CDDF0B /* AppDelegate.swift */ = {isa = PBXFileReference; lastKnownFileType = sourcecode.swift; path = AppDelegate.swift; sourceTree = "<group>"; };
		597B90FA24C5F19200CDDF0B /* SceneDelegate.swift */ = {isa = PBXFileReference; lastKnownFileType = sourcecode.swift; path = SceneDelegate.swift; sourceTree = "<group>"; };
		597B90FC24C5F19200CDDF0B /* ViewController.swift */ = {isa = PBXFileReference; lastKnownFileType = sourcecode.swift; path = ViewController.swift; sourceTree = "<group>"; };
		597B90FF24C5F19200CDDF0B /* Base */ = {isa = PBXFileReference; lastKnownFileType = file.storyboard; name = Base; path = Base.lproj/Main.storyboard; sourceTree = "<group>"; };
		597B910124C5F19700CDDF0B /* Assets.xcassets */ = {isa = PBXFileReference; lastKnownFileType = folder.assetcatalog; path = Assets.xcassets; sourceTree = "<group>"; };
		597B910424C5F19700CDDF0B /* Base */ = {isa = PBXFileReference; lastKnownFileType = file.storyboard; name = Base; path = Base.lproj/LaunchScreen.storyboard; sourceTree = "<group>"; };
		597B910624C5F19700CDDF0B /* Info.plist */ = {isa = PBXFileReference; lastKnownFileType = text.plist.xml; path = Info.plist; sourceTree = "<group>"; };
		597B910C24C5F1E700CDDF0B /* SettingsViewController.swift */ = {isa = PBXFileReference; lastKnownFileType = sourcecode.swift; path = SettingsViewController.swift; sourceTree = "<group>"; };
		597B910E24C5F20B00CDDF0B /* GameViewController.swift */ = {isa = PBXFileReference; lastKnownFileType = sourcecode.swift; path = GameViewController.swift; sourceTree = "<group>"; };
		597B913224C645ED00CDDF0B /* ScoresViewController.swift */ = {isa = PBXFileReference; lastKnownFileType = sourcecode.swift; path = ScoresViewController.swift; sourceTree = "<group>"; };
		5988D01B253FA77200758446 /* Settings.swift */ = {isa = PBXFileReference; lastKnownFileType = sourcecode.swift; path = Settings.swift; sourceTree = "<group>"; };
		59EB6FE224D62A220034B463 /* Images.swift */ = {isa = PBXFileReference; lastKnownFileType = sourcecode.swift; path = Images.swift; sourceTree = "<group>"; };
/* End PBXFileReference section */

/* Begin PBXFrameworksBuildPhase section */
		597B90F224C5F19200CDDF0B /* Frameworks */ = {
			isa = PBXFrameworksBuildPhase;
			buildActionMask = 2147483647;
			files = (
			);
			runOnlyForDeploymentPostprocessing = 0;
		};
/* End PBXFrameworksBuildPhase section */

/* Begin PBXGroup section */
		597B90EC24C5F19200CDDF0B = {
			isa = PBXGroup;
			children = (
				597B90F724C5F19200CDDF0B /* RaceGame */,
				597B90F624C5F19200CDDF0B /* Products */,
			);
			sourceTree = "<group>";
		};
		597B90F624C5F19200CDDF0B /* Products */ = {
			isa = PBXGroup;
			children = (
				597B90F524C5F19200CDDF0B /* RaceGame.app */,
			);
			name = Products;
			sourceTree = "<group>";
		};
		597B90F724C5F19200CDDF0B /* RaceGame */ = {
			isa = PBXGroup;
			children = (
				5950CC3424DFFEBF003AA422 /* GreatVibes-Regular.otf */,
				597B90F824C5F19200CDDF0B /* AppDelegate.swift */,
				597B90FA24C5F19200CDDF0B /* SceneDelegate.swift */,
				597B90FC24C5F19200CDDF0B /* ViewController.swift */,
				597B913224C645ED00CDDF0B /* ScoresViewController.swift */,
				597B90FE24C5F19200CDDF0B /* Main.storyboard */,
				597B910E24C5F20B00CDDF0B /* GameViewController.swift */,
				597B910C24C5F1E700CDDF0B /* SettingsViewController.swift */,
				5988D01B253FA77200758446 /* Settings.swift */,
				597B910124C5F19700CDDF0B /* Assets.xcassets */,
				59EB6FE224D62A220034B463 /* Images.swift */,
				597B910324C5F19700CDDF0B /* LaunchScreen.storyboard */,
				5950CC3224DFFE42003AA422 /* LaunchScreenViewController.swift */,
				597B910624C5F19700CDDF0B /* Info.plist */,
			);
			path = RaceGame;
			sourceTree = "<group>";
		};
/* End PBXGroup section */

/* Begin PBXNativeTarget section */
		597B90F424C5F19200CDDF0B /* RaceGame */ = {
			isa = PBXNativeTarget;
			buildConfigurationList = 597B910924C5F19700CDDF0B /* Build configuration list for PBXNativeTarget "RaceGame" */;
			buildPhases = (
				597B90F124C5F19200CDDF0B /* Sources */,
				597B90F224C5F19200CDDF0B /* Frameworks */,
				597B90F324C5F19200CDDF0B /* Resources */,
			);
			buildRules = (
			);
			dependencies = (
			);
			name = RaceGame;
			productName = RaceGame;
			productReference = 597B90F524C5F19200CDDF0B /* RaceGame.app */;
			productType = "com.apple.product-type.application";
		};
/* End PBXNativeTarget section */

/* Begin PBXProject section */
		597B90ED24C5F19200CDDF0B /* Project object */ = {
			isa = PBXProject;
			attributes = {
				LastSwiftUpdateCheck = 1140;
				LastUpgradeCheck = 1140;
				ORGANIZATIONNAME = "Roman Dod";
				TargetAttributes = {
					597B90F424C5F19200CDDF0B = {
						CreatedOnToolsVersion = 11.4.1;
					};
				};
			};
			buildConfigurationList = 597B90F024C5F19200CDDF0B /* Build configuration list for PBXProject "RaceGame" */;
			compatibilityVersion = "Xcode 9.3";
			developmentRegion = en;
			hasScannedForEncodings = 0;
			knownRegions = (
				en,
				Base,
			);
			mainGroup = 597B90EC24C5F19200CDDF0B;
			productRefGroup = 597B90F624C5F19200CDDF0B /* Products */;
			projectDirPath = "";
			projectRoot = "";
			targets = (
				597B90F424C5F19200CDDF0B /* RaceGame */,
			);
		};
/* End PBXProject section */

/* Begin PBXResourcesBuildPhase section */
		597B90F324C5F19200CDDF0B /* Resources */ = {
			isa = PBXResourcesBuildPhase;
			buildActionMask = 2147483647;
			files = (
				5950CC3524DFFEBF003AA422 /* GreatVibes-Regular.otf in Resources */,
				597B910524C5F19700CDDF0B /* LaunchScreen.storyboard in Resources */,
				597B910224C5F19700CDDF0B /* Assets.xcassets in Resources */,
				597B910024C5F19200CDDF0B /* Main.storyboard in Resources */,
			);
			runOnlyForDeploymentPostprocessing = 0;
		};
/* End PBXResourcesBuildPhase section */

/* Begin PBXSourcesBuildPhase section */
		597B90F124C5F19200CDDF0B /* Sources */ = {
			isa = PBXSourcesBuildPhase;
			buildActionMask = 2147483647;
			files = (
				59EB6FE324D62A220034B463 /* Images.swift in Sources */,
				597B910F24C5F20B00CDDF0B /* GameViewController.swift in Sources */,
				5950CC3324DFFE42003AA422 /* LaunchScreenViewController.swift in Sources */,
				597B913324C645ED00CDDF0B /* ScoresViewController.swift in Sources */,
				597B90FD24C5F19200CDDF0B /* ViewController.swift in Sources */,
				597B90F924C5F19200CDDF0B /* AppDelegate.swift in Sources */,
				5988D01C253FA77200758446 /* Settings.swift in Sources */,
				597B90FB24C5F19200CDDF0B /* SceneDelegate.swift in Sources */,
				597B910D24C5F1E700CDDF0B /* SettingsViewController.swift in Sources */,
			);
			runOnlyForDeploymentPostprocessing = 0;
		};
/* End PBXSourcesBuildPhase section */

/* Begin PBXVariantGroup section */
		597B90FE24C5F19200CDDF0B /* Main.storyboard */ = {
			isa = PBXVariantGroup;
			children = (
				597B90FF24C5F19200CDDF0B /* Base */,
			);
			name = Main.storyboard;
			sourceTree = "<group>";
		};
		597B910324C5F19700CDDF0B /* LaunchScreen.storyboard */ = {
			isa = PBXVariantGroup;
			children = (
				597B910424C5F19700CDDF0B /* Base */,
			);
			name = LaunchScreen.storyboard;
			sourceTree = "<group>";
		};
/* End PBXVariantGroup section */

/* Begin XCBuildConfiguration section */
		597B910724C5F19700CDDF0B /* Debug */ = {
			isa = XCBuildConfiguration;
			buildSettings = {
				ALWAYS_SEARCH_USER_PATHS = NO;
				CLANG_ANALYZER_NONNULL = YES;
				CLANG_ANALYZER_NUMBER_OBJECT_CONVERSION = YES_AGGRESSIVE;
				CLANG_CXX_LANGUAGE_STANDARD = "gnu++14";
				CLANG_CXX_LIBRARY = "libc++";
				CLANG_ENABLE_MODULES = YES;
				CLANG_ENABLE_OBJC_ARC = YES;
				CLANG_ENABLE_OBJC_WEAK = YES;
				CLANG_WARN_BLOCK_CAPTURE_AUTORELEASING = YES;
				CLANG_WARN_BOOL_CONVERSION = YES;
				CLANG_WARN_COMMA = YES;
				CLANG_WARN_CONSTANT_CONVERSION = YES;
				CLANG_WARN_DEPRECATED_OBJC_IMPLEMENTATIONS = YES;
				CLANG_WARN_DIRECT_OBJC_ISA_USAGE = YES_ERROR;
				CLANG_WARN_DOCUMENTATION_COMMENTS = YES;
				CLANG_WARN_EMPTY_BODY = YES;
				CLANG_WARN_ENUM_CONVERSION = YES;
				CLANG_WARN_INFINITE_RECURSION = YES;
				CLANG_WARN_INT_CONVERSION = YES;
				CLANG_WARN_NON_LITERAL_NULL_CONVERSION = YES;
				CLANG_WARN_OBJC_IMPLICIT_RETAIN_SELF = YES;
				CLANG_WARN_OBJC_LITERAL_CONVERSION = YES;
				CLANG_WARN_OBJC_ROOT_CLASS = YES_ERROR;
				CLANG_WARN_RANGE_LOOP_ANALYSIS = YES;
				CLANG_WARN_STRICT_PROTOTYPES = YES;
				CLANG_WARN_SUSPICIOUS_MOVE = YES;
				CLANG_WARN_UNGUARDED_AVAILABILITY = YES_AGGRESSIVE;
				CLANG_WARN_UNREACHABLE_CODE = YES;
				CLANG_WARN__DUPLICATE_METHOD_MATCH = YES;
				COPY_PHASE_STRIP = NO;
				DEBUG_INFORMATION_FORMAT = dwarf;
				ENABLE_STRICT_OBJC_MSGSEND = YES;
				ENABLE_TESTABILITY = YES;
				GCC_C_LANGUAGE_STANDARD = gnu11;
				GCC_DYNAMIC_NO_PIC = NO;
				GCC_NO_COMMON_BLOCKS = YES;
				GCC_OPTIMIZATION_LEVEL = 0;
				GCC_PREPROCESSOR_DEFINITIONS = (
					"DEBUG=1",
					"$(inherited)",
				);
				GCC_WARN_64_TO_32_BIT_CONVERSION = YES;
				GCC_WARN_ABOUT_RETURN_TYPE = YES_ERROR;
				GCC_WARN_UNDECLARED_SELECTOR = YES;
				GCC_WARN_UNINITIALIZED_AUTOS = YES_AGGRESSIVE;
				GCC_WARN_UNUSED_FUNCTION = YES;
				GCC_WARN_UNUSED_VARIABLE = YES;
				IPHONEOS_DEPLOYMENT_TARGET = 13.4;
				MTL_ENABLE_DEBUG_INFO = INCLUDE_SOURCE;
				MTL_FAST_MATH = YES;
				ONLY_ACTIVE_ARCH = YES;
				SDKROOT = iphoneos;
				SWIFT_ACTIVE_COMPILATION_CONDITIONS = DEBUG;
				SWIFT_OPTIMIZATION_LEVEL = "-Onone";
			};
			name = Debug;
		};
		597B910824C5F19700CDDF0B /* Release */ = {
			isa = XCBuildConfiguration;
			buildSettings = {
				ALWAYS_SEARCH_USER_PATHS = NO;
				CLANG_ANALYZER_NONNULL = YES;
				CLANG_ANALYZER_NUMBER_OBJECT_CONVERSION = YES_AGGRESSIVE;
				CLANG_CXX_LANGUAGE_STANDARD = "gnu++14";
				CLANG_CXX_LIBRARY = "libc++";
				CLANG_ENABLE_MODULES = YES;
				CLANG_ENABLE_OBJC_ARC = YES;
				CLANG_ENABLE_OBJC_WEAK = YES;
				CLANG_WARN_BLOCK_CAPTURE_AUTORELEASING = YES;
				CLANG_WARN_BOOL_CONVERSION = YES;
				CLANG_WARN_COMMA = YES;
				CLANG_WARN_CONSTANT_CONVERSION = YES;
				CLANG_WARN_DEPRECATED_OBJC_IMPLEMENTATIONS = YES;
				CLANG_WARN_DIRECT_OBJC_ISA_USAGE = YES_ERROR;
				CLANG_WARN_DOCUMENTATION_COMMENTS = YES;
				CLANG_WARN_EMPTY_BODY = YES;
				CLANG_WARN_ENUM_CONVERSION = YES;
				CLANG_WARN_INFINITE_RECURSION = YES;
				CLANG_WARN_INT_CONVERSION = YES;
				CLANG_WARN_NON_LITERAL_NULL_CONVERSION = YES;
				CLANG_WARN_OBJC_IMPLICIT_RETAIN_SELF = YES;
				CLANG_WARN_OBJC_LITERAL_CONVERSION = YES;
				CLANG_WARN_OBJC_ROOT_CLASS = YES_ERROR;
				CLANG_WARN_RANGE_LOOP_ANALYSIS = YES;
				CLANG_WARN_STRICT_PROTOTYPES = YES;
				CLANG_WARN_SUSPICIOUS_MOVE = YES;
				CLANG_WARN_UNGUARDED_AVAILABILITY = YES_AGGRESSIVE;
				CLANG_WARN_UNREACHABLE_CODE = YES;
				CLANG_WARN__DUPLICATE_METHOD_MATCH = YES;
				COPY_PHASE_STRIP = NO;
				DEBUG_INFORMATION_FORMAT = "dwarf-with-dsym";
				ENABLE_NS_ASSERTIONS = NO;
				ENABLE_STRICT_OBJC_MSGSEND = YES;
				GCC_C_LANGUAGE_STANDARD = gnu11;
				GCC_NO_COMMON_BLOCKS = YES;
				GCC_WARN_64_TO_32_BIT_CONVERSION = YES;
				GCC_WARN_ABOUT_RETURN_TYPE = YES_ERROR;
				GCC_WARN_UNDECLARED_SELECTOR = YES;
				GCC_WARN_UNINITIALIZED_AUTOS = YES_AGGRESSIVE;
				GCC_WARN_UNUSED_FUNCTION = YES;
				GCC_WARN_UNUSED_VARIABLE = YES;
				IPHONEOS_DEPLOYMENT_TARGET = 13.4;
				MTL_ENABLE_DEBUG_INFO = NO;
				MTL_FAST_MATH = YES;
				SDKROOT = iphoneos;
				SWIFT_COMPILATION_MODE = wholemodule;
				SWIFT_OPTIMIZATION_LEVEL = "-O";
				VALIDATE_PRODUCT = YES;
			};
			name = Release;
		};
		597B910A24C5F19700CDDF0B /* Debug */ = {
			isa = XCBuildConfiguration;
			buildSettings = {
				ASSETCATALOG_COMPILER_APPICON_NAME = AppIcon;
				CODE_SIGN_STYLE = Automatic;
				DEVELOPMENT_TEAM = Q49ZDCTW64;
				INFOPLIST_FILE = RaceGame/Info.plist;
				LD_RUNPATH_SEARCH_PATHS = (
					"$(inherited)",
					"@executable_path/Frameworks",
				);
				PRODUCT_BUNDLE_IDENTIFIER = com.rd.RaceGame;
				PRODUCT_NAME = "$(TARGET_NAME)";
				SWIFT_VERSION = 5.0;
				TARGETED_DEVICE_FAMILY = "1,2";
			};
			name = Debug;
		};
		597B910B24C5F19700CDDF0B /* Release */ = {
			isa = XCBuildConfiguration;
			buildSettings = {
				ASSETCATALOG_COMPILER_APPICON_NAME = AppIcon;
				CODE_SIGN_STYLE = Automatic;
				DEVELOPMENT_TEAM = Q49ZDCTW64;
				INFOPLIST_FILE = RaceGame/Info.plist;
				LD_RUNPATH_SEARCH_PATHS = (
					"$(inherited)",
					"@executable_path/Frameworks",
				);
				PRODUCT_BUNDLE_IDENTIFIER = com.rd.RaceGame;
				PRODUCT_NAME = "$(TARGET_NAME)";
				SWIFT_VERSION = 5.0;
				TARGETED_DEVICE_FAMILY = "1,2";
			};
			name = Release;
		};
/* End XCBuildConfiguration section */

/* Begin XCConfigurationList section */
		597B90F024C5F19200CDDF0B /* Build configuration list for PBXProject "RaceGame" */ = {
			isa = XCConfigurationList;
			buildConfigurations = (
				597B910724C5F19700CDDF0B /* Debug */,
				597B910824C5F19700CDDF0B /* Release */,
			);
			defaultConfigurationIsVisible = 0;
			defaultConfigurationName = Release;
		};
		597B910924C5F19700CDDF0B /* Build configuration list for PBXNativeTarget "RaceGame" */ = {
			isa = XCConfigurationList;
			buildConfigurations = (
				597B910A24C5F19700CDDF0B /* Debug */,
				597B910B24C5F19700CDDF0B /* Release */,
			);
			defaultConfigurationIsVisible = 0;
			defaultConfigurationName = Release;
		};
/* End XCConfigurationList section */
	};
	rootObject = 597B90ED24C5F19200CDDF0B /* Project object */;
}
